
Microsoft Visual Studio Solution File, Format Version 12.00
Project("{FAE04EC0-301F-11D3-BF4B-00C04F79EFBC}") = "MovieForum", "MovieForum\MovieForum.csproj", "{68F66E68-1DA9-45C7-AA5A-29D0BE2E8BB7}"
EndProject
Project("{FAE04EC0-301F-11D3-BF4B-00C04F79EFBC}") = "MovieForum.Data.Interfaces", "MovieForum.Data.Interfaces\MovieForum.Data.Interfaces.csproj", "{4D6864C3-68CE-40C7-9595-22DBA34FBBB0}"
EndProject
Project("{FAE04EC0-301F-11D3-BF4B-00C04F79EFBC}") = "MovieForum.Data", "MovieForum.Data\MovieForum.Data.csproj", "{F08D0D28-D308-4EB3-AA6A-4C70B1BE0F6A}"
EndProject
Global
	GlobalSection(SolutionConfigurationPlatforms) = preSolution
		Debug|Any CPU = Debug|Any CPU
		Release|Any CPU = Release|Any CPU
	EndGlobalSection
	GlobalSection(ProjectConfigurationPlatforms) = postSolution
		{68F66E68-1DA9-45C7-AA5A-29D0BE2E8BB7}.Debug|Any CPU.ActiveCfg = Debug|Any CPU
		{68F66E68-1DA9-45C7-AA5A-29D0BE2E8BB7}.Debug|Any CPU.Build.0 = Debug|Any CPU
		{68F66E68-1DA9-45C7-AA5A-29D0BE2E8BB7}.Release|Any CPU.ActiveCfg = Release|Any CPU
		{68F66E68-1DA9-45C7-AA5A-29D0BE2E8BB7}.Release|Any CPU.Build.0 = Release|Any CPU
		{4D6864C3-68CE-40C7-9595-22DBA34FBBB0}.Debug|Any CPU.ActiveCfg = Debug|Any CPU
		{4D6864C3-68CE-40C7-9595-22DBA34FBBB0}.Debug|Any CPU.Build.0 = Debug|Any CPU
		{4D6864C3-68CE-40C7-9595-22DBA34FBBB0}.Release|Any CPU.ActiveCfg = Release|Any CPU
		{4D6864C3-68CE-40C7-9595-22DBA34FBBB0}.Release|Any CPU.Build.0 = Release|Any CPU
		{F08D0D28-D308-4EB3-AA6A-4C70B1BE0F6A}.Debug|Any CPU.ActiveCfg = Debug|Any CPU
		{F08D0D28-D308-4EB3-AA6A-4C70B1BE0F6A}.Debug|Any CPU.Build.0 = Debug|Any CPU
		{F08D0D28-D308-4EB3-AA6A-4C70B1BE0F6A}.Release|Any CPU.ActiveCfg = Release|Any CPU
		{F08D0D28-D308-4EB3-AA6A-4C70B1BE0F6A}.Release|Any CPU.Build.0 = Release|Any CPU
	EndGlobalSection
EndGlobal
